
Microsoft Visual Studio Solution File, Format Version 12.00
# Visual Studio Version 16
VisualStudioVersion = 16.0.30330.147
MinimumVisualStudioVersion = 10.0.40219.1
Project("{8BC9CEB8-8B4A-11D0-8D11-00A0C91BC942}") = "Week01z", "Week01z\Week01z.vcxproj", "{38AB14EE-7815-4A27-8E0D-9CD74FBF8E40}"
EndProject
Global
	GlobalSection(SolutionConfigurationPlatforms) = preSolution
		Debug|x64 = Debug|x64
		Debug|x86 = Debug|x86
		Release|x64 = Release|x64
		Release|x86 = Release|x86
	EndGlobalSection
	GlobalSection(ProjectConfigurationPlatforms) = postSolution
		{38AB14EE-7815-4A27-8E0D-9CD74FBF8E40}.Debug|x64.ActiveCfg = Debug|x64
		{38AB14EE-7815-4A27-8E0D-9CD74FBF8E40}.Debug|x64.Build.0 = Debug|x64
		{38AB14EE-7815-4A27-8E0D-9CD74FBF8E40}.Debug|x86.ActiveCfg = Debug|Win32
		{38AB14EE-7815-4A27-8E0D-9CD74FBF8E40}.Debug|x86.Build.0 = Debug|Win32
		{38AB14EE-7815-4A27-8E0D-9CD74FBF8E40}.Release|x64.ActiveCfg = Release|x64
		{38AB14EE-7815-4A27-8E0D-9CD74FBF8E40}.Release|x64.Build.0 = Release|x64
		{38AB14EE-7815-4A27-8E0D-9CD74FBF8E40}.Release|x86.ActiveCfg = Release|Win32
		{38AB14EE-7815-4A27-8E0D-9CD74FBF8E40}.Release|x86.Build.0 = Release|Win32
	EndGlobalSection
	GlobalSection(SolutionProperties) = preSolution
		HideSolutionNode = FALSE
	EndGlobalSection
	GlobalSection(ExtensibilityGlobals) = postSolution
		SolutionGuid = {D3481FC4-5CF6-4B7A-A7FC-ADFEEC10466D}
	EndGlobalSection
EndGlobal
